
Microsoft Visual Studio Solution File, Format Version 12.00
# Visual Studio 14
VisualStudioVersion = 14.0.24720.0
MinimumVisualStudioVersion = 10.0.40219.1
Project("{FAE04EC0-301F-11D3-BF4B-00C04F79EFBC}") = "ChatRoomsDbContext", "ChatRoomsDbContext\ChatRoomsDbContext.csproj", "{52EA1B24-C24A-4C8F-9A35-AFFC87FBD11B}"
EndProject
Project("{FAE04EC0-301F-11D3-BF4B-00C04F79EFBC}") = "ConsoleTest", "ConsoleApplication1\ConsoleTest.csproj", "{E5F3E0CF-BD83-440D-9387-35BF58CDC522}"
EndProject
Project("{FAE04EC0-301F-11D3-BF4B-00C04F79EFBC}") = "ChatRoomsWCFService", "ChatRoomsWCFService\ChatRoomsWCFService.csproj", "{B742FEAA-F6E5-49AB-81F3-4AC794960E32}"
EndProject
Project("{FAE04EC0-301F-11D3-BF4B-00C04F79EFBC}") = "ChatRoomsDataTypes", "ChatRoomsDataTypes\ChatRoomsDataTypes.csproj", "{627DE76A-9BCA-421F-B58D-ADB0A5A5F123}"
EndProject
Project("{FAE04EC0-301F-11D3-BF4B-00C04F79EFBC}") = "ChatRoomsIISHost", "ChatRoomsIISHost\ChatRoomsIISHost.csproj", "{753BD8BC-675B-489D-802F-E463EC6A4CBE}"
EndProject
Project("{FAE04EC0-301F-11D3-BF4B-00C04F79EFBC}") = "ChatRoomsClient", "ChatRoomsClient\ChatRoomsClient.csproj", "{5B2722C8-4D2F-4266-B8A5-0FE712AD1588}"
EndProject
Global
	GlobalSection(SolutionConfigurationPlatforms) = preSolution
		Debug|Any CPU = Debug|Any CPU
		Release|Any CPU = Release|Any CPU
	EndGlobalSection
	GlobalSection(ProjectConfigurationPlatforms) = postSolution
		{52EA1B24-C24A-4C8F-9A35-AFFC87FBD11B}.Debug|Any CPU.ActiveCfg = Debug|Any CPU
		{52EA1B24-C24A-4C8F-9A35-AFFC87FBD11B}.Debug|Any CPU.Build.0 = Debug|Any CPU
		{52EA1B24-C24A-4C8F-9A35-AFFC87FBD11B}.Release|Any CPU.ActiveCfg = Release|Any CPU
		{52EA1B24-C24A-4C8F-9A35-AFFC87FBD11B}.Release|Any CPU.Build.0 = Release|Any CPU
		{E5F3E0CF-BD83-440D-9387-35BF58CDC522}.Debug|Any CPU.ActiveCfg = Debug|Any CPU
		{E5F3E0CF-BD83-440D-9387-35BF58CDC522}.Debug|Any CPU.Build.0 = Debug|Any CPU
		{E5F3E0CF-BD83-440D-9387-35BF58CDC522}.Release|Any CPU.ActiveCfg = Release|Any CPU
		{E5F3E0CF-BD83-440D-9387-35BF58CDC522}.Release|Any CPU.Build.0 = Release|Any CPU
		{B742FEAA-F6E5-49AB-81F3-4AC794960E32}.Debug|Any CPU.ActiveCfg = Debug|Any CPU
		{B742FEAA-F6E5-49AB-81F3-4AC794960E32}.Debug|Any CPU.Build.0 = Debug|Any CPU
		{B742FEAA-F6E5-49AB-81F3-4AC794960E32}.Release|Any CPU.ActiveCfg = Release|Any CPU
		{B742FEAA-F6E5-49AB-81F3-4AC794960E32}.Release|Any CPU.Build.0 = Release|Any CPU
		{627DE76A-9BCA-421F-B58D-ADB0A5A5F123}.Debug|Any CPU.ActiveCfg = Debug|Any CPU
		{627DE76A-9BCA-421F-B58D-ADB0A5A5F123}.Debug|Any CPU.Build.0 = Debug|Any CPU
		{627DE76A-9BCA-421F-B58D-ADB0A5A5F123}.Release|Any CPU.ActiveCfg = Release|Any CPU
		{627DE76A-9BCA-421F-B58D-ADB0A5A5F123}.Release|Any CPU.Build.0 = Release|Any CPU
		{753BD8BC-675B-489D-802F-E463EC6A4CBE}.Debug|Any CPU.ActiveCfg = Debug|Any CPU
		{753BD8BC-675B-489D-802F-E463EC6A4CBE}.Debug|Any CPU.Build.0 = Debug|Any CPU
		{753BD8BC-675B-489D-802F-E463EC6A4CBE}.Release|Any CPU.ActiveCfg = Release|Any CPU
		{753BD8BC-675B-489D-802F-E463EC6A4CBE}.Release|Any CPU.Build.0 = Release|Any CPU
		{5B2722C8-4D2F-4266-B8A5-0FE712AD1588}.Debug|Any CPU.ActiveCfg = Debug|Any CPU
		{5B2722C8-4D2F-4266-B8A5-0FE712AD1588}.Debug|Any CPU.Build.0 = Debug|Any CPU
		{5B2722C8-4D2F-4266-B8A5-0FE712AD1588}.Release|Any CPU.ActiveCfg = Release|Any CPU
		{5B2722C8-4D2F-4266-B8A5-0FE712AD1588}.Release|Any CPU.Build.0 = Release|Any CPU
	EndGlobalSection
	GlobalSection(SolutionProperties) = preSolution
		HideSolutionNode = FALSE
	EndGlobalSection
EndGlobal
